
Microsoft Visual Studio Solution File, Format Version 12.00
# Visual Studio 15
VisualStudioVersion = 15.0.28010.2048
MinimumVisualStudioVersion = 10.0.40219.1
Project("{FAE04EC0-301F-11D3-BF4B-00C04F79EFBC}") = "WebApplication1", "WebApplication1\WebApplication1.csproj", "{969BB09B-AE62-46ED-83C4-55AC5326AAAD}"
EndProject
Global
	GlobalSection(SolutionConfigurationPlatforms) = preSolution
		Debug|Any CPU = Debug|Any CPU
		Release|Any CPU = Release|Any CPU
	EndGlobalSection
	GlobalSection(ProjectConfigurationPlatforms) = postSolution
		{969BB09B-AE62-46ED-83C4-55AC5326AAAD}.Debug|Any CPU.ActiveCfg = Debug|Any CPU
		{969BB09B-AE62-46ED-83C4-55AC5326AAAD}.Debug|Any CPU.Build.0 = Debug|Any CPU
		{969BB09B-AE62-46ED-83C4-55AC5326AAAD}.Release|Any CPU.ActiveCfg = Release|Any CPU
		{969BB09B-AE62-46ED-83C4-55AC5326AAAD}.Release|Any CPU.Build.0 = Release|Any CPU
	EndGlobalSection
	GlobalSection(SolutionProperties) = preSolution
		HideSolutionNode = FALSE
	EndGlobalSection
	GlobalSection(ExtensibilityGlobals) = postSolution
		SolutionGuid = {200EB727-9C46-4094-8003-0FFB3582E47F}
	EndGlobalSection
EndGlobal
